
Microsoft Visual Studio Solution File, Format Version 12.00
# Visual Studio Version 16
VisualStudioVersion = 16.0.30114.105
MinimumVisualStudioVersion = 10.0.40219.1
Project("{2150E333-8FDC-42A3-9474-1A3956D46DE8}") = "src", "src", "{AD589890-BDE7-48C7-9AF9-D080169C09AF}"
EndProject
Project("{FAE04EC0-301F-11D3-BF4B-00C04F79EFBC}") = "OrderDetails.Cupboard", "src\OrderDetails.Cupboard\OrderDetails.Cupboard.csproj", "{C9A86811-5E00-4EFD-9012-D07133E318A1}"
EndProject
Global
	GlobalSection(SolutionConfigurationPlatforms) = preSolution
		Debug|Any CPU = Debug|Any CPU
		Release|Any CPU = Release|Any CPU
	EndGlobalSection
	GlobalSection(SolutionProperties) = preSolution
		HideSolutionNode = FALSE
	EndGlobalSection
	GlobalSection(ProjectConfigurationPlatforms) = postSolution
		{C9A86811-5E00-4EFD-9012-D07133E318A1}.Debug|Any CPU.ActiveCfg = Debug|Any CPU
		{C9A86811-5E00-4EFD-9012-D07133E318A1}.Debug|Any CPU.Build.0 = Debug|Any CPU
		{C9A86811-5E00-4EFD-9012-D07133E318A1}.Release|Any CPU.ActiveCfg = Release|Any CPU
		{C9A86811-5E00-4EFD-9012-D07133E318A1}.Release|Any CPU.Build.0 = Release|Any CPU
	EndGlobalSection
	GlobalSection(NestedProjects) = preSolution
		{C9A86811-5E00-4EFD-9012-D07133E318A1} = {AD589890-BDE7-48C7-9AF9-D080169C09AF}
	EndGlobalSection
EndGlobal
